
Microsoft Visual Studio Solution File, Format Version 12.00
# Visual Studio Version 16
VisualStudioVersion = 16.0.33214.272
MinimumVisualStudioVersion = 10.0.40219.1
Project("{FAE04EC0-301F-11D3-BF4B-00C04F79EFBC}") = "libraryFinal", "libraryFinal\libraryFinal.csproj", "{83523DF5-967D-416E-A52B-E494F135F3F1}"
EndProject
Global
	GlobalSection(SolutionConfigurationPlatforms) = preSolution
		Debug|Any CPU = Debug|Any CPU
		Release|Any CPU = Release|Any CPU
	EndGlobalSection
	GlobalSection(ProjectConfigurationPlatforms) = postSolution
		{83523DF5-967D-416E-A52B-E494F135F3F1}.Debug|Any CPU.ActiveCfg = Debug|Any CPU
		{83523DF5-967D-416E-A52B-E494F135F3F1}.Debug|Any CPU.Build.0 = Debug|Any CPU
		{83523DF5-967D-416E-A52B-E494F135F3F1}.Release|Any CPU.ActiveCfg = Release|Any CPU
		{83523DF5-967D-416E-A52B-E494F135F3F1}.Release|Any CPU.Build.0 = Release|Any CPU
	EndGlobalSection
	GlobalSection(SolutionProperties) = preSolution
		HideSolutionNode = FALSE
	EndGlobalSection
	GlobalSection(ExtensibilityGlobals) = postSolution
		SolutionGuid = {1D48FFFA-ADC3-42FB-8540-E6B8ACABF57D}
	EndGlobalSection
EndGlobal
